
Microsoft Visual Studio Solution File, Format Version 12.00
# Visual Studio 2012
Project("{FAE04EC0-301F-11D3-BF4B-00C04F79EFBC}") = "WindowsFormsApplication6", "WindowsFormsApplication6\WindowsFormsApplication6.csproj", "{C6BB0713-51CB-44E6-A855-E60F67584C3B}"
EndProject
Global
	GlobalSection(SolutionConfigurationPlatforms) = preSolution
		Debug|Any CPU = Debug|Any CPU
		Release|Any CPU = Release|Any CPU
	EndGlobalSection
	GlobalSection(ProjectConfigurationPlatforms) = postSolution
		{C6BB0713-51CB-44E6-A855-E60F67584C3B}.Debug|Any CPU.ActiveCfg = Debug|Any CPU
		{C6BB0713-51CB-44E6-A855-E60F67584C3B}.Debug|Any CPU.Build.0 = Debug|Any CPU
		{C6BB0713-51CB-44E6-A855-E60F67584C3B}.Release|Any CPU.ActiveCfg = Release|Any CPU
		{C6BB0713-51CB-44E6-A855-E60F67584C3B}.Release|Any CPU.Build.0 = Release|Any CPU
	EndGlobalSection
	GlobalSection(SolutionProperties) = preSolution
		HideSolutionNode = FALSE
	EndGlobalSection
EndGlobal
